
Microsoft Visual Studio Solution File, Format Version 12.00
# Visual Studio Version 17
VisualStudioVersion = 17.5.002.0
MinimumVisualStudioVersion = 10.0.40219.1
Project("{9A19103F-16F7-4668-BE54-9A1E7A4F7556}") = "Shop", "Shop.csproj", "{E8EA269B-114D-4556-BA38-CD94A0A694CE}"
EndProject
Global
	GlobalSection(SolutionConfigurationPlatforms) = preSolution
		Debug|Any CPU = Debug|Any CPU
		Release|Any CPU = Release|Any CPU
	EndGlobalSection
	GlobalSection(ProjectConfigurationPlatforms) = postSolution
		{E8EA269B-114D-4556-BA38-CD94A0A694CE}.Debug|Any CPU.ActiveCfg = Debug|Any CPU
		{E8EA269B-114D-4556-BA38-CD94A0A694CE}.Debug|Any CPU.Build.0 = Debug|Any CPU
		{E8EA269B-114D-4556-BA38-CD94A0A694CE}.Release|Any CPU.ActiveCfg = Release|Any CPU
		{E8EA269B-114D-4556-BA38-CD94A0A694CE}.Release|Any CPU.Build.0 = Release|Any CPU
	EndGlobalSection
	GlobalSection(SolutionProperties) = preSolution
		HideSolutionNode = FALSE
	EndGlobalSection
	GlobalSection(ExtensibilityGlobals) = postSolution
		SolutionGuid = {27BD644A-F5AF-4F3F-B775-BED98BE73920}
	EndGlobalSection
EndGlobal
